
Microsoft Visual Studio Solution File, Format Version 12.00
# Visual Studio Express 2012 for Web
Project("{FAE04EC0-301F-11D3-BF4B-00C04F79EFBC}") = "ThreeTest01", "ThreeTest01\ThreeTest01.csproj", "{46BD1B2B-5BC3-458B-96CE-147E13551EEF}"
EndProject
Global
	GlobalSection(SolutionConfigurationPlatforms) = preSolution
		Debug|Any CPU = Debug|Any CPU
		deviceTest|Any CPU = deviceTest|Any CPU
		Release|Any CPU = Release|Any CPU
	EndGlobalSection
	GlobalSection(ProjectConfigurationPlatforms) = postSolution
		{46BD1B2B-5BC3-458B-96CE-147E13551EEF}.Debug|Any CPU.ActiveCfg = Debug|Any CPU
		{46BD1B2B-5BC3-458B-96CE-147E13551EEF}.Debug|Any CPU.Build.0 = Debug|Any CPU
		{46BD1B2B-5BC3-458B-96CE-147E13551EEF}.deviceTest|Any CPU.ActiveCfg = deviceTest|Any CPU
		{46BD1B2B-5BC3-458B-96CE-147E13551EEF}.deviceTest|Any CPU.Build.0 = deviceTest|Any CPU
		{46BD1B2B-5BC3-458B-96CE-147E13551EEF}.Release|Any CPU.ActiveCfg = Release|Any CPU
		{46BD1B2B-5BC3-458B-96CE-147E13551EEF}.Release|Any CPU.Build.0 = Release|Any CPU
	EndGlobalSection
	GlobalSection(SolutionProperties) = preSolution
		HideSolutionNode = FALSE
	EndGlobalSection
EndGlobal
